// !$*UTF8*$!
{
	archiveVersion = 1;
	classes = {
	};
	objectVersion = 50;
	objects = {

/* Begin PBXBuildFile section */
		2948A905245A0CFD004B9B7A /* AppDelegate.swift in Sources */ = {isa = PBXBuildFile; fileRef = 2948A904245A0CFD004B9B7A /* AppDelegate.swift */; };
		2948A907245A0CFD004B9B7A /* SceneDelegate.swift in Sources */ = {isa = PBXBuildFile; fileRef = 2948A906245A0CFD004B9B7A /* SceneDelegate.swift */; };
		2948A90C245A0CFD004B9B7A /* Main.storyboard in Resources */ = {isa = PBXBuildFile; fileRef = 2948A90A245A0CFD004B9B7A /* Main.storyboard */; };
		2948A90E245A0CFF004B9B7A /* Assets.xcassets in Resources */ = {isa = PBXBuildFile; fileRef = 2948A90D245A0CFF004B9B7A /* Assets.xcassets */; };
		2948A911245A0CFF004B9B7A /* LaunchScreen.storyboard in Resources */ = {isa = PBXBuildFile; fileRef = 2948A90F245A0CFF004B9B7A /* LaunchScreen.storyboard */; };
		2948A920245A1011004B9B7A /* Anime.swift in Sources */ = {isa = PBXBuildFile; fileRef = 2948A91F245A1011004B9B7A /* Anime.swift */; };
		2948A922245A11E7004B9B7A /* AnimeController.swift in Sources */ = {isa = PBXBuildFile; fileRef = 2948A921245A11E7004B9B7A /* AnimeController.swift */; };
		2948A924245A1287004B9B7A /* AnimeError.swift in Sources */ = {isa = PBXBuildFile; fileRef = 2948A923245A1287004B9B7A /* AnimeError.swift */; };
		2948A926245A1793004B9B7A /* AnimeCollectionViewController.swift in Sources */ = {isa = PBXBuildFile; fileRef = 2948A925245A1793004B9B7A /* AnimeCollectionViewController.swift */; };
		2948A928245A181E004B9B7A /* AnimeCollectionViewCell.swift in Sources */ = {isa = PBXBuildFile; fileRef = 2948A927245A181E004B9B7A /* AnimeCollectionViewCell.swift */; };
		2948A92A245A1A78004B9B7A /* ViewControllerExtensions.swift in Sources */ = {isa = PBXBuildFile; fileRef = 2948A929245A1A78004B9B7A /* ViewControllerExtensions.swift */; };
/* End PBXBuildFile section */

/* Begin PBXFileReference section */
		2948A901245A0CFD004B9B7A /* AnimeBrowser.app */ = {isa = PBXFileReference; explicitFileType = wrapper.application; includeInIndex = 0; path = AnimeBrowser.app; sourceTree = BUILT_PRODUCTS_DIR; };
		2948A904245A0CFD004B9B7A /* AppDelegate.swift */ = {isa = PBXFileReference; lastKnownFileType = sourcecode.swift; path = AppDelegate.swift; sourceTree = "<group>"; };
		2948A906245A0CFD004B9B7A /* SceneDelegate.swift */ = {isa = PBXFileReference; lastKnownFileType = sourcecode.swift; path = SceneDelegate.swift; sourceTree = "<group>"; };
		2948A90B245A0CFD004B9B7A /* Base */ = {isa = PBXFileReference; lastKnownFileType = file.storyboard; name = Base; path = Base.lproj/Main.storyboard; sourceTree = "<group>"; };
		2948A90D245A0CFF004B9B7A /* Assets.xcassets */ = {isa = PBXFileReference; lastKnownFileType = folder.assetcatalog; path = Assets.xcassets; sourceTree = "<group>"; };
		2948A910245A0CFF004B9B7A /* Base */ = {isa = PBXFileReference; lastKnownFileType = file.storyboard; name = Base; path = Base.lproj/LaunchScreen.storyboard; sourceTree = "<group>"; };
		2948A912245A0CFF004B9B7A /* Info.plist */ = {isa = PBXFileReference; lastKnownFileType = text.plist.xml; path = Info.plist; sourceTree = "<group>"; };
		2948A91F245A1011004B9B7A /* Anime.swift */ = {isa = PBXFileReference; lastKnownFileType = sourcecode.swift; path = Anime.swift; sourceTree = "<group>"; };
		2948A921245A11E7004B9B7A /* AnimeController.swift */ = {isa = PBXFileReference; lastKnownFileType = sourcecode.swift; path = AnimeController.swift; sourceTree = "<group>"; };
		2948A923245A1287004B9B7A /* AnimeError.swift */ = {isa = PBXFileReference; lastKnownFileType = sourcecode.swift; path = AnimeError.swift; sourceTree = "<group>"; };
		2948A925245A1793004B9B7A /* AnimeCollectionViewController.swift */ = {isa = PBXFileReference; lastKnownFileType = sourcecode.swift; path = AnimeCollectionViewController.swift; sourceTree = "<group>"; };
		2948A927245A181E004B9B7A /* AnimeCollectionViewCell.swift */ = {isa = PBXFileReference; lastKnownFileType = sourcecode.swift; path = AnimeCollectionViewCell.swift; sourceTree = "<group>"; };
		2948A929245A1A78004B9B7A /* ViewControllerExtensions.swift */ = {isa = PBXFileReference; lastKnownFileType = sourcecode.swift; path = ViewControllerExtensions.swift; sourceTree = "<group>"; };
/* End PBXFileReference section */

/* Begin PBXFrameworksBuildPhase section */
		2948A8FE245A0CFD004B9B7A /* Frameworks */ = {
			isa = PBXFrameworksBuildPhase;
			buildActionMask = 2147483647;
			files = (
			);
			runOnlyForDeploymentPostprocessing = 0;
		};
/* End PBXFrameworksBuildPhase section */

/* Begin PBXGroup section */
		2948A8F8245A0CFD004B9B7A = {
			isa = PBXGroup;
			children = (
				2948A903245A0CFD004B9B7A /* AnimeBrowser */,
				2948A902245A0CFD004B9B7A /* Products */,
			);
			sourceTree = "<group>";
		};
		2948A902245A0CFD004B9B7A /* Products */ = {
			isa = PBXGroup;
			children = (
				2948A901245A0CFD004B9B7A /* AnimeBrowser.app */,
			);
			name = Products;
			sourceTree = "<group>";
		};
		2948A903245A0CFD004B9B7A /* AnimeBrowser */ = {
			isa = PBXGroup;
			children = (
				2948A91B245A0D4E004B9B7A /* Helper */,
				2948A91A245A0D4A004B9B7A /* Controllers */,
				2948A919245A0D20004B9B7A /* Model */,
				2948A918245A0D0A004B9B7A /* Resources */,
				2948A90A245A0CFD004B9B7A /* Main.storyboard */,
			);
			path = AnimeBrowser;
			sourceTree = "<group>";
		};
		2948A918245A0D0A004B9B7A /* Resources */ = {
			isa = PBXGroup;
			children = (
				2948A904245A0CFD004B9B7A /* AppDelegate.swift */,
				2948A906245A0CFD004B9B7A /* SceneDelegate.swift */,
				2948A90D245A0CFF004B9B7A /* Assets.xcassets */,
				2948A90F245A0CFF004B9B7A /* LaunchScreen.storyboard */,
				2948A912245A0CFF004B9B7A /* Info.plist */,
			);
			path = Resources;
			sourceTree = "<group>";
		};
		2948A919245A0D20004B9B7A /* Model */ = {
			isa = PBXGroup;
			children = (
				2948A91F245A1011004B9B7A /* Anime.swift */,
			);
			path = Model;
			sourceTree = "<group>";
		};
		2948A91A245A0D4A004B9B7A /* Controllers */ = {
			isa = PBXGroup;
			children = (
				2948A91D245A0D5D004B9B7A /* View Controllers */,
				2948A91C245A0D56004B9B7A /* Model Controller */,
			);
			path = Controllers;
			sourceTree = "<group>";
		};
		2948A91B245A0D4E004B9B7A /* Helper */ = {
			isa = PBXGroup;
			children = (
				2948A923245A1287004B9B7A /* AnimeError.swift */,
				2948A929245A1A78004B9B7A /* ViewControllerExtensions.swift */,
			);
			path = Helper;
			sourceTree = "<group>";
		};
		2948A91C245A0D56004B9B7A /* Model Controller */ = {
			isa = PBXGroup;
			children = (
				2948A921245A11E7004B9B7A /* AnimeController.swift */,
			);
			path = "Model Controller";
			sourceTree = "<group>";
		};
		2948A91D245A0D5D004B9B7A /* View Controllers */ = {
			isa = PBXGroup;
			children = (
				2948A91E245A0D66004B9B7A /* Custom Views */,
				2948A925245A1793004B9B7A /* AnimeCollectionViewController.swift */,
			);
			path = "View Controllers";
			sourceTree = "<group>";
		};
		2948A91E245A0D66004B9B7A /* Custom Views */ = {
			isa = PBXGroup;
			children = (
				2948A927245A181E004B9B7A /* AnimeCollectionViewCell.swift */,
			);
			path = "Custom Views";
			sourceTree = "<group>";
		};
/* End PBXGroup section */

/* Begin PBXNativeTarget section */
		2948A900245A0CFD004B9B7A /* AnimeBrowser */ = {
			isa = PBXNativeTarget;
			buildConfigurationList = 2948A915245A0CFF004B9B7A /* Build configuration list for PBXNativeTarget "AnimeBrowser" */;
			buildPhases = (
				2948A8FD245A0CFD004B9B7A /* Sources */,
				2948A8FE245A0CFD004B9B7A /* Frameworks */,
				2948A8FF245A0CFD004B9B7A /* Resources */,
			);
			buildRules = (
			);
			dependencies = (
			);
			name = AnimeBrowser;
			productName = AnimeBrowser;
			productReference = 2948A901245A0CFD004B9B7A /* AnimeBrowser.app */;
			productType = "com.apple.product-type.application";
		};
/* End PBXNativeTarget section */

/* Begin PBXProject section */
		2948A8F9245A0CFD004B9B7A /* Project object */ = {
			isa = PBXProject;
			attributes = {
				LastSwiftUpdateCheck = 1140;
				LastUpgradeCheck = 1140;
				ORGANIZATIONNAME = "Leonardo Diaz";
				TargetAttributes = {
					2948A900245A0CFD004B9B7A = {
						CreatedOnToolsVersion = 11.4;
					};
				};
			};
			buildConfigurationList = 2948A8FC245A0CFD004B9B7A /* Build configuration list for PBXProject "AnimeBrowser" */;
			compatibilityVersion = "Xcode 9.3";
			developmentRegion = en;
			hasScannedForEncodings = 0;
			knownRegions = (
				en,
				Base,
			);
			mainGroup = 2948A8F8245A0CFD004B9B7A;
			productRefGroup = 2948A902245A0CFD004B9B7A /* Products */;
			projectDirPath = "";
			projectRoot = "";
			targets = (
				2948A900245A0CFD004B9B7A /* AnimeBrowser */,
			);
		};
/* End PBXProject section */

/* Begin PBXResourcesBuildPhase section */
		2948A8FF245A0CFD004B9B7A /* Resources */ = {
			isa = PBXResourcesBuildPhase;
			buildActionMask = 2147483647;
			files = (
				2948A911245A0CFF004B9B7A /* LaunchScreen.storyboard in Resources */,
				2948A90E245A0CFF004B9B7A /* Assets.xcassets in Resources */,
				2948A90C245A0CFD004B9B7A /* Main.storyboard in Resources */,
			);
			runOnlyForDeploymentPostprocessing = 0;
		};
/* End PBXResourcesBuildPhase section */

/* Begin PBXSourcesBuildPhase section */
		2948A8FD245A0CFD004B9B7A /* Sources */ = {
			isa = PBXSourcesBuildPhase;
			buildActionMask = 2147483647;
			files = (
				2948A92A245A1A78004B9B7A /* ViewControllerExtensions.swift in Sources */,
				2948A905245A0CFD004B9B7A /* AppDelegate.swift in Sources */,
				2948A928245A181E004B9B7A /* AnimeCollectionViewCell.swift in Sources */,
				2948A907245A0CFD004B9B7A /* SceneDelegate.swift in Sources */,
				2948A922245A11E7004B9B7A /* AnimeController.swift in Sources */,
				2948A926245A1793004B9B7A /* AnimeCollectionViewController.swift in Sources */,
				2948A920245A1011004B9B7A /* Anime.swift in Sources */,
				2948A924245A1287004B9B7A /* AnimeError.swift in Sources */,
			);
			runOnlyForDeploymentPostprocessing = 0;
		};
/* End PBXSourcesBuildPhase section */

/* Begin PBXVariantGroup section */
		2948A90A245A0CFD004B9B7A /* Main.storyboard */ = {
			isa = PBXVariantGroup;
			children = (
				2948A90B245A0CFD004B9B7A /* Base */,
			);
			name = Main.storyboard;
			sourceTree = "<group>";
		};
		2948A90F245A0CFF004B9B7A /* LaunchScreen.storyboard */ = {
			isa = PBXVariantGroup;
			children = (
				2948A910245A0CFF004B9B7A /* Base */,
			);
			name = LaunchScreen.storyboard;
			sourceTree = "<group>";
		};
/* End PBXVariantGroup section */

/* Begin XCBuildConfiguration section */
		2948A913245A0CFF004B9B7A /* Debug */ = {
			isa = XCBuildConfiguration;
			buildSettings = {
				ALWAYS_SEARCH_USER_PATHS = NO;
				CLANG_ANALYZER_NONNULL = YES;
				CLANG_ANALYZER_NUMBER_OBJECT_CONVERSION = YES_AGGRESSIVE;
				CLANG_CXX_LANGUAGE_STANDARD = "gnu++14";
				CLANG_CXX_LIBRARY = "libc++";
				CLANG_ENABLE_MODULES = YES;
				CLANG_ENABLE_OBJC_ARC = YES;
				CLANG_ENABLE_OBJC_WEAK = YES;
				CLANG_WARN_BLOCK_CAPTURE_AUTORELEASING = YES;
				CLANG_WARN_BOOL_CONVERSION = YES;
				CLANG_WARN_COMMA = YES;
				CLANG_WARN_CONSTANT_CONVERSION = YES;
				CLANG_WARN_DEPRECATED_OBJC_IMPLEMENTATIONS = YES;
				CLANG_WARN_DIRECT_OBJC_ISA_USAGE = YES_ERROR;
				CLANG_WARN_DOCUMENTATION_COMMENTS = YES;
				CLANG_WARN_EMPTY_BODY = YES;
				CLANG_WARN_ENUM_CONVERSION = YES;
				CLANG_WARN_INFINITE_RECURSION = YES;
				CLANG_WARN_INT_CONVERSION = YES;
				CLANG_WARN_NON_LITERAL_NULL_CONVERSION = YES;
				CLANG_WARN_OBJC_IMPLICIT_RETAIN_SELF = YES;
				CLANG_WARN_OBJC_LITERAL_CONVERSION = YES;
				CLANG_WARN_OBJC_ROOT_CLASS = YES_ERROR;
				CLANG_WARN_RANGE_LOOP_ANALYSIS = YES;
				CLANG_WARN_STRICT_PROTOTYPES = YES;
				CLANG_WARN_SUSPICIOUS_MOVE = YES;
				CLANG_WARN_UNGUARDED_AVAILABILITY = YES_AGGRESSIVE;
				CLANG_WARN_UNREACHABLE_CODE = YES;
				CLANG_WARN__DUPLICATE_METHOD_MATCH = YES;
				COPY_PHASE_STRIP = NO;
				DEBUG_INFORMATION_FORMAT = dwarf;
				ENABLE_STRICT_OBJC_MSGSEND = YES;
				ENABLE_TESTABILITY = YES;
				GCC_C_LANGUAGE_STANDARD = gnu11;
				GCC_DYNAMIC_NO_PIC = NO;
				GCC_NO_COMMON_BLOCKS = YES;
				GCC_OPTIMIZATION_LEVEL = 0;
				GCC_PREPROCESSOR_DEFINITIONS = (
					"DEBUG=1",
					"$(inherited)",
				);
				GCC_WARN_64_TO_32_BIT_CONVERSION = YES;
				GCC_WARN_ABOUT_RETURN_TYPE = YES_ERROR;
				GCC_WARN_UNDECLARED_SELECTOR = YES;
				GCC_WARN_UNINITIALIZED_AUTOS = YES_AGGRESSIVE;
				GCC_WARN_UNUSED_FUNCTION = YES;
				GCC_WARN_UNUSED_VARIABLE = YES;
				IPHONEOS_DEPLOYMENT_TARGET = 13.4;
				MTL_ENABLE_DEBUG_INFO = INCLUDE_SOURCE;
				MTL_FAST_MATH = YES;
				ONLY_ACTIVE_ARCH = YES;
				SDKROOT = iphoneos;
				SWIFT_ACTIVE_COMPILATION_CONDITIONS = DEBUG;
				SWIFT_OPTIMIZATION_LEVEL = "-Onone";
			};
			name = Debug;
		};
		2948A914245A0CFF004B9B7A /* Release */ = {
			isa = XCBuildConfiguration;
			buildSettings = {
				ALWAYS_SEARCH_USER_PATHS = NO;
				CLANG_ANALYZER_NONNULL = YES;
				CLANG_ANALYZER_NUMBER_OBJECT_CONVERSION = YES_AGGRESSIVE;
				CLANG_CXX_LANGUAGE_STANDARD = "gnu++14";
				CLANG_CXX_LIBRARY = "libc++";
				CLANG_ENABLE_MODULES = YES;
				CLANG_ENABLE_OBJC_ARC = YES;
				CLANG_ENABLE_OBJC_WEAK = YES;
				CLANG_WARN_BLOCK_CAPTURE_AUTORELEASING = YES;
				CLANG_WARN_BOOL_CONVERSION = YES;
				CLANG_WARN_COMMA = YES;
				CLANG_WARN_CONSTANT_CONVERSION = YES;
				CLANG_WARN_DEPRECATED_OBJC_IMPLEMENTATIONS = YES;
				CLANG_WARN_DIRECT_OBJC_ISA_USAGE = YES_ERROR;
				CLANG_WARN_DOCUMENTATION_COMMENTS = YES;
				CLANG_WARN_EMPTY_BODY = YES;
				CLANG_WARN_ENUM_CONVERSION = YES;
				CLANG_WARN_INFINITE_RECURSION = YES;
				CLANG_WARN_INT_CONVERSION = YES;
				CLANG_WARN_NON_LITERAL_NULL_CONVERSION = YES;
				CLANG_WARN_OBJC_IMPLICIT_RETAIN_SELF = YES;
				CLANG_WARN_OBJC_LITERAL_CONVERSION = YES;
				CLANG_WARN_OBJC_ROOT_CLASS = YES_ERROR;
				CLANG_WARN_RANGE_LOOP_ANALYSIS = YES;
				CLANG_WARN_STRICT_PROTOTYPES = YES;
				CLANG_WARN_SUSPICIOUS_MOVE = YES;
				CLANG_WARN_UNGUARDED_AVAILABILITY = YES_AGGRESSIVE;
				CLANG_WARN_UNREACHABLE_CODE = YES;
				CLANG_WARN__DUPLICATE_METHOD_MATCH = YES;
				COPY_PHASE_STRIP = NO;
				DEBUG_INFORMATION_FORMAT = "dwarf-with-dsym";
				ENABLE_NS_ASSERTIONS = NO;
				ENABLE_STRICT_OBJC_MSGSEND = YES;
				GCC_C_LANGUAGE_STANDARD = gnu11;
				GCC_NO_COMMON_BLOCKS = YES;
				GCC_WARN_64_TO_32_BIT_CONVERSION = YES;
				GCC_WARN_ABOUT_RETURN_TYPE = YES_ERROR;
				GCC_WARN_UNDECLARED_SELECTOR = YES;
				GCC_WARN_UNINITIALIZED_AUTOS = YES_AGGRESSIVE;
				GCC_WARN_UNUSED_FUNCTION = YES;
				GCC_WARN_UNUSED_VARIABLE = YES;
				IPHONEOS_DEPLOYMENT_TARGET = 13.4;
				MTL_ENABLE_DEBUG_INFO = NO;
				MTL_FAST_MATH = YES;
				SDKROOT = iphoneos;
				SWIFT_COMPILATION_MODE = wholemodule;
				SWIFT_OPTIMIZATION_LEVEL = "-O";
				VALIDATE_PRODUCT = YES;
			};
			name = Release;
		};
		2948A916245A0CFF004B9B7A /* Debug */ = {
			isa = XCBuildConfiguration;
			buildSettings = {
				ASSETCATALOG_COMPILER_APPICON_NAME = AppIcon;
				CODE_SIGN_STYLE = Automatic;
				DEVELOPMENT_TEAM = 74FP7YTMHY;
				INFOPLIST_FILE = AnimeBrowser/Resources/Info.plist;
				LD_RUNPATH_SEARCH_PATHS = (
					"$(inherited)",
					"@executable_path/Frameworks",
				);
				PRODUCT_BUNDLE_IDENTIFIER = com.leonardo.AnimeBrowser;
				PRODUCT_NAME = "$(TARGET_NAME)";
				SWIFT_VERSION = 5.0;
				TARGETED_DEVICE_FAMILY = "1,2";
			};
			name = Debug;
		};
		2948A917245A0CFF004B9B7A /* Release */ = {
			isa = XCBuildConfiguration;
			buildSettings = {
				ASSETCATALOG_COMPILER_APPICON_NAME = AppIcon;
				CODE_SIGN_STYLE = Automatic;
				DEVELOPMENT_TEAM = 74FP7YTMHY;
				INFOPLIST_FILE = AnimeBrowser/Resources/Info.plist;
				LD_RUNPATH_SEARCH_PATHS = (
					"$(inherited)",
					"@executable_path/Frameworks",
				);
				PRODUCT_BUNDLE_IDENTIFIER = com.leonardo.AnimeBrowser;
				PRODUCT_NAME = "$(TARGET_NAME)";
				SWIFT_VERSION = 5.0;
				TARGETED_DEVICE_FAMILY = "1,2";
			};
			name = Release;
		};
/* End XCBuildConfiguration section */

/* Begin XCConfigurationList section */
		2948A8FC245A0CFD004B9B7A /* Build configuration list for PBXProject "AnimeBrowser" */ = {
			isa = XCConfigurationList;
			buildConfigurations = (
				2948A913245A0CFF004B9B7A /* Debug */,
				2948A914245A0CFF004B9B7A /* Release */,
			);
			defaultConfigurationIsVisible = 0;
			defaultConfigurationName = Release;
		};
		2948A915245A0CFF004B9B7A /* Build configuration list for PBXNativeTarget "AnimeBrowser" */ = {
			isa = XCConfigurationList;
			buildConfigurations = (
				2948A916245A0CFF004B9B7A /* Debug */,
				2948A917245A0CFF004B9B7A /* Release */,
			);
			defaultConfigurationIsVisible = 0;
			defaultConfigurationName = Release;
		};
/* End XCConfigurationList section */
	};
	rootObject = 2948A8F9245A0CFD004B9B7A /* Project object */;
}
